// !$*UTF8*$!
{
	archiveVersion = 1;
	classes = {
	};
	objectVersion = 46;
	objects = {

/* Begin PBXBuildFile section */
		FCDB34C61CCF021200223575 /* AppDelegate.swift in Sources */ = {isa = PBXBuildFile; fileRef = FCDB34C51CCF021200223575 /* AppDelegate.swift */; };
		FCDB34C81CCF021200223575 /* RecordSoundsViewController.swift in Sources */ = {isa = PBXBuildFile; fileRef = FCDB34C71CCF021200223575 /* RecordSoundsViewController.swift */; };
		FCDB34CB1CCF021200223575 /* Main.storyboard in Resources */ = {isa = PBXBuildFile; fileRef = FCDB34C91CCF021200223575 /* Main.storyboard */; };
		FCDB34CD1CCF021300223575 /* Assets.xcassets in Resources */ = {isa = PBXBuildFile; fileRef = FCDB34CC1CCF021300223575 /* Assets.xcassets */; };
		FCDB34D01CCF021300223575 /* LaunchScreen.storyboard in Resources */ = {isa = PBXBuildFile; fileRef = FCDB34CE1CCF021300223575 /* LaunchScreen.storyboard */; };
		FCDB34DB1CCF021300223575 /* PitchPerfectTests.swift in Sources */ = {isa = PBXBuildFile; fileRef = FCDB34DA1CCF021300223575 /* PitchPerfectTests.swift */; };
		FCDB34E61CCF021300223575 /* PitchPerfectUITests.swift in Sources */ = {isa = PBXBuildFile; fileRef = FCDB34E51CCF021300223575 /* PitchPerfectUITests.swift */; };
		FCDB34F41CD00C4000223575 /* PlaySoundsViewController.swift in Sources */ = {isa = PBXBuildFile; fileRef = FCDB34F31CD00C4000223575 /* PlaySoundsViewController.swift */; };
		FCDB34F61CD07BA200223575 /* PlaySoundsViewController+Audio.swift in Sources */ = {isa = PBXBuildFile; fileRef = FCDB34F51CD07BA200223575 /* PlaySoundsViewController+Audio.swift */; };
/* End PBXBuildFile section */

/* Begin PBXContainerItemProxy section */
		FCDB34D71CCF021300223575 /* PBXContainerItemProxy */ = {
			isa = PBXContainerItemProxy;
			containerPortal = FCDB34BA1CCF021100223575 /* Project object */;
			proxyType = 1;
			remoteGlobalIDString = FCDB34C11CCF021100223575;
			remoteInfo = PitchPerfect;
		};
		FCDB34E21CCF021300223575 /* PBXContainerItemProxy */ = {
			isa = PBXContainerItemProxy;
			containerPortal = FCDB34BA1CCF021100223575 /* Project object */;
			proxyType = 1;
			remoteGlobalIDString = FCDB34C11CCF021100223575;
			remoteInfo = PitchPerfect;
		};
/* End PBXContainerItemProxy section */

/* Begin PBXFileReference section */
		FCDB34C21CCF021100223575 /* PitchPerfect.app */ = {isa = PBXFileReference; explicitFileType = wrapper.application; includeInIndex = 0; path = PitchPerfect.app; sourceTree = BUILT_PRODUCTS_DIR; };
		FCDB34C51CCF021200223575 /* AppDelegate.swift */ = {isa = PBXFileReference; lastKnownFileType = sourcecode.swift; path = AppDelegate.swift; sourceTree = "<group>"; };
		FCDB34C71CCF021200223575 /* RecordSoundsViewController.swift */ = {isa = PBXFileReference; lastKnownFileType = sourcecode.swift; path = RecordSoundsViewController.swift; sourceTree = "<group>"; };
		FCDB34CA1CCF021200223575 /* Base */ = {isa = PBXFileReference; lastKnownFileType = file.storyboard; name = Base; path = Base.lproj/Main.storyboard; sourceTree = "<group>"; };
		FCDB34CC1CCF021300223575 /* Assets.xcassets */ = {isa = PBXFileReference; lastKnownFileType = folder.assetcatalog; path = Assets.xcassets; sourceTree = "<group>"; };
		FCDB34CF1CCF021300223575 /* Base */ = {isa = PBXFileReference; lastKnownFileType = file.storyboard; name = Base; path = Base.lproj/LaunchScreen.storyboard; sourceTree = "<group>"; };
		FCDB34D11CCF021300223575 /* Info.plist */ = {isa = PBXFileReference; lastKnownFileType = text.plist.xml; path = Info.plist; sourceTree = "<group>"; };
		FCDB34D61CCF021300223575 /* PitchPerfectTests.xctest */ = {isa = PBXFileReference; explicitFileType = wrapper.cfbundle; includeInIndex = 0; path = PitchPerfectTests.xctest; sourceTree = BUILT_PRODUCTS_DIR; };
		FCDB34DA1CCF021300223575 /* PitchPerfectTests.swift */ = {isa = PBXFileReference; lastKnownFileType = sourcecode.swift; path = PitchPerfectTests.swift; sourceTree = "<group>"; };
		FCDB34DC1CCF021300223575 /* Info.plist */ = {isa = PBXFileReference; lastKnownFileType = text.plist.xml; path = Info.plist; sourceTree = "<group>"; };
		FCDB34E11CCF021300223575 /* PitchPerfectUITests.xctest */ = {isa = PBXFileReference; explicitFileType = wrapper.cfbundle; includeInIndex = 0; path = PitchPerfectUITests.xctest; sourceTree = BUILT_PRODUCTS_DIR; };
		FCDB34E51CCF021300223575 /* PitchPerfectUITests.swift */ = {isa = PBXFileReference; lastKnownFileType = sourcecode.swift; path = PitchPerfectUITests.swift; sourceTree = "<group>"; };
		FCDB34E71CCF021300223575 /* Info.plist */ = {isa = PBXFileReference; lastKnownFileType = text.plist.xml; path = Info.plist; sourceTree = "<group>"; };
		FCDB34F31CD00C4000223575 /* PlaySoundsViewController.swift */ = {isa = PBXFileReference; fileEncoding = 4; lastKnownFileType = sourcecode.swift; path = PlaySoundsViewController.swift; sourceTree = "<group>"; };
		FCDB34F51CD07BA200223575 /* PlaySoundsViewController+Audio.swift */ = {isa = PBXFileReference; fileEncoding = 4; lastKnownFileType = sourcecode.swift; path = "PlaySoundsViewController+Audio.swift"; sourceTree = "<group>"; };
/* End PBXFileReference section */

/* Begin PBXFrameworksBuildPhase section */
		FCDB34BF1CCF021100223575 /* Frameworks */ = {
			isa = PBXFrameworksBuildPhase;
			buildActionMask = 2147483647;
			files = (
			);
			runOnlyForDeploymentPostprocessing = 0;
		};
		FCDB34D31CCF021300223575 /* Frameworks */ = {
			isa = PBXFrameworksBuildPhase;
			buildActionMask = 2147483647;
			files = (
			);
			runOnlyForDeploymentPostprocessing = 0;
		};
		FCDB34DE1CCF021300223575 /* Frameworks */ = {
			isa = PBXFrameworksBuildPhase;
			buildActionMask = 2147483647;
			files = (
			);
			runOnlyForDeploymentPostprocessing = 0;
		};
/* End PBXFrameworksBuildPhase section */

/* Begin PBXGroup section */
		FCDB34B91CCF021100223575 = {
			isa = PBXGroup;
			children = (
				FCDB34C41CCF021200223575 /* PitchPerfect */,
				FCDB34D91CCF021300223575 /* PitchPerfectTests */,
				FCDB34E41CCF021300223575 /* PitchPerfectUITests */,
				FCDB34C31CCF021100223575 /* Products */,
			);
			sourceTree = "<group>";
		};
		FCDB34C31CCF021100223575 /* Products */ = {
			isa = PBXGroup;
			children = (
				FCDB34C21CCF021100223575 /* PitchPerfect.app */,
				FCDB34D61CCF021300223575 /* PitchPerfectTests.xctest */,
				FCDB34E11CCF021300223575 /* PitchPerfectUITests.xctest */,
			);
			name = Products;
			sourceTree = "<group>";
		};
		FCDB34C41CCF021200223575 /* PitchPerfect */ = {
			isa = PBXGroup;
			children = (
				FCDB34C51CCF021200223575 /* AppDelegate.swift */,
				FCDB34C71CCF021200223575 /* RecordSoundsViewController.swift */,
				FCDB34F31CD00C4000223575 /* PlaySoundsViewController.swift */,
				FCDB34F51CD07BA200223575 /* PlaySoundsViewController+Audio.swift */,
				FCDB34C91CCF021200223575 /* Main.storyboard */,
				FCDB34CC1CCF021300223575 /* Assets.xcassets */,
				FCDB34CE1CCF021300223575 /* LaunchScreen.storyboard */,
				FCDB34D11CCF021300223575 /* Info.plist */,
			);
			path = PitchPerfect;
			sourceTree = "<group>";
		};
		FCDB34D91CCF021300223575 /* PitchPerfectTests */ = {
			isa = PBXGroup;
			children = (
				FCDB34DA1CCF021300223575 /* PitchPerfectTests.swift */,
				FCDB34DC1CCF021300223575 /* Info.plist */,
			);
			path = PitchPerfectTests;
			sourceTree = "<group>";
		};
		FCDB34E41CCF021300223575 /* PitchPerfectUITests */ = {
			isa = PBXGroup;
			children = (
				FCDB34E51CCF021300223575 /* PitchPerfectUITests.swift */,
				FCDB34E71CCF021300223575 /* Info.plist */,
			);
			path = PitchPerfectUITests;
			sourceTree = "<group>";
		};
/* End PBXGroup section */

/* Begin PBXNativeTarget section */
		FCDB34C11CCF021100223575 /* PitchPerfect */ = {
			isa = PBXNativeTarget;
			buildConfigurationList = FCDB34EA1CCF021300223575 /* Build configuration list for PBXNativeTarget "PitchPerfect" */;
			buildPhases = (
				FCDB34BE1CCF021100223575 /* Sources */,
				FCDB34BF1CCF021100223575 /* Frameworks */,
				FCDB34C01CCF021100223575 /* Resources */,
			);
			buildRules = (
			);
			dependencies = (
			);
			name = PitchPerfect;
			productName = PitchPerfect;
			productReference = FCDB34C21CCF021100223575 /* PitchPerfect.app */;
			productType = "com.apple.product-type.application";
		};
		FCDB34D51CCF021300223575 /* PitchPerfectTests */ = {
			isa = PBXNativeTarget;
			buildConfigurationList = FCDB34ED1CCF021300223575 /* Build configuration list for PBXNativeTarget "PitchPerfectTests" */;
			buildPhases = (
				FCDB34D21CCF021300223575 /* Sources */,
				FCDB34D31CCF021300223575 /* Frameworks */,
				FCDB34D41CCF021300223575 /* Resources */,
			);
			buildRules = (
			);
			dependencies = (
				FCDB34D81CCF021300223575 /* PBXTargetDependency */,
			);
			name = PitchPerfectTests;
			productName = PitchPerfectTests;
			productReference = FCDB34D61CCF021300223575 /* PitchPerfectTests.xctest */;
			productType = "com.apple.product-type.bundle.unit-test";
		};
		FCDB34E01CCF021300223575 /* PitchPerfectUITests */ = {
			isa = PBXNativeTarget;
			buildConfigurationList = FCDB34F01CCF021300223575 /* Build configuration list for PBXNativeTarget "PitchPerfectUITests" */;
			buildPhases = (
				FCDB34DD1CCF021300223575 /* Sources */,
				FCDB34DE1CCF021300223575 /* Frameworks */,
				FCDB34DF1CCF021300223575 /* Resources */,
			);
			buildRules = (
			);
			dependencies = (
				FCDB34E31CCF021300223575 /* PBXTargetDependency */,
			);
			name = PitchPerfectUITests;
			productName = PitchPerfectUITests;
			productReference = FCDB34E11CCF021300223575 /* PitchPerfectUITests.xctest */;
			productType = "com.apple.product-type.bundle.ui-testing";
		};
/* End PBXNativeTarget section */

/* Begin PBXProject section */
		FCDB34BA1CCF021100223575 /* Project object */ = {
			isa = PBXProject;
			attributes = {
				LastSwiftUpdateCheck = 0730;
				LastUpgradeCheck = 0730;
				ORGANIZATIONNAME = "Dylan Miller";
				TargetAttributes = {
					FCDB34C11CCF021100223575 = {
						CreatedOnToolsVersion = 7.3;
						DevelopmentTeam = SCUP57ZH8V;
					};
					FCDB34D51CCF021300223575 = {
						CreatedOnToolsVersion = 7.3;
						TestTargetID = FCDB34C11CCF021100223575;
					};
					FCDB34E01CCF021300223575 = {
						CreatedOnToolsVersion = 7.3;
						TestTargetID = FCDB34C11CCF021100223575;
					};
				};
			};
			buildConfigurationList = FCDB34BD1CCF021100223575 /* Build configuration list for PBXProject "PitchPerfect" */;
			compatibilityVersion = "Xcode 3.2";
			developmentRegion = English;
			hasScannedForEncodings = 0;
			knownRegions = (
				en,
				Base,
			);
			mainGroup = FCDB34B91CCF021100223575;
			productRefGroup = FCDB34C31CCF021100223575 /* Products */;
			projectDirPath = "";
			projectRoot = "";
			targets = (
				FCDB34C11CCF021100223575 /* PitchPerfect */,
				FCDB34D51CCF021300223575 /* PitchPerfectTests */,
				FCDB34E01CCF021300223575 /* PitchPerfectUITests */,
			);
		};
/* End PBXProject section */

/* Begin PBXResourcesBuildPhase section */
		FCDB34C01CCF021100223575 /* Resources */ = {
			isa = PBXResourcesBuildPhase;
			buildActionMask = 2147483647;
			files = (
				FCDB34D01CCF021300223575 /* LaunchScreen.storyboard in Resources */,
				FCDB34CD1CCF021300223575 /* Assets.xcassets in Resources */,
				FCDB34CB1CCF021200223575 /* Main.storyboard in Resources */,
			);
			runOnlyForDeploymentPostprocessing = 0;
		};
		FCDB34D41CCF021300223575 /* Resources */ = {
			isa = PBXResourcesBuildPhase;
			buildActionMask = 2147483647;
			files = (
			);
			runOnlyForDeploymentPostprocessing = 0;
		};
		FCDB34DF1CCF021300223575 /* Resources */ = {
			isa = PBXResourcesBuildPhase;
			buildActionMask = 2147483647;
			files = (
			);
			runOnlyForDeploymentPostprocessing = 0;
		};
/* End PBXResourcesBuildPhase section */

/* Begin PBXSourcesBuildPhase section */
		FCDB34BE1CCF021100223575 /* Sources */ = {
			isa = PBXSourcesBuildPhase;
			buildActionMask = 2147483647;
			files = (
				FCDB34C81CCF021200223575 /* RecordSoundsViewController.swift in Sources */,
				FCDB34F61CD07BA200223575 /* PlaySoundsViewController+Audio.swift in Sources */,
				FCDB34F41CD00C4000223575 /* PlaySoundsViewController.swift in Sources */,
				FCDB34C61CCF021200223575 /* AppDelegate.swift in Sources */,
			);
			runOnlyForDeploymentPostprocessing = 0;
		};
		FCDB34D21CCF021300223575 /* Sources */ = {
			isa = PBXSourcesBuildPhase;
			buildActionMask = 2147483647;
			files = (
				FCDB34DB1CCF021300223575 /* PitchPerfectTests.swift in Sources */,
			);
			runOnlyForDeploymentPostprocessing = 0;
		};
		FCDB34DD1CCF021300223575 /* Sources */ = {
			isa = PBXSourcesBuildPhase;
			buildActionMask = 2147483647;
			files = (
				FCDB34E61CCF021300223575 /* PitchPerfectUITests.swift in Sources */,
			);
			runOnlyForDeploymentPostprocessing = 0;
		};
/* End PBXSourcesBuildPhase section */

/* Begin PBXTargetDependency section */
		FCDB34D81CCF021300223575 /* PBXTargetDependency */ = {
			isa = PBXTargetDependency;
			target = FCDB34C11CCF021100223575 /* PitchPerfect */;
			targetProxy = FCDB34D71CCF021300223575 /* PBXContainerItemProxy */;
		};
		FCDB34E31CCF021300223575 /* PBXTargetDependency */ = {
			isa = PBXTargetDependency;
			target = FCDB34C11CCF021100223575 /* PitchPerfect */;
			targetProxy = FCDB34E21CCF021300223575 /* PBXContainerItemProxy */;
		};
/* End PBXTargetDependency section */

/* Begin PBXVariantGroup section */
		FCDB34C91CCF021200223575 /* Main.storyboard */ = {
			isa = PBXVariantGroup;
			children = (
				FCDB34CA1CCF021200223575 /* Base */,
			);
			name = Main.storyboard;
			sourceTree = "<group>";
		};
		FCDB34CE1CCF021300223575 /* LaunchScreen.storyboard */ = {
			isa = PBXVariantGroup;
			children = (
				FCDB34CF1CCF021300223575 /* Base */,
			);
			name = LaunchScreen.storyboard;
			sourceTree = "<group>";
		};
/* End PBXVariantGroup section */

/* Begin XCBuildConfiguration section */
		FCDB34E81CCF021300223575 /* Debug */ = {
			isa = XCBuildConfiguration;
			buildSettings = {
				ALWAYS_SEARCH_USER_PATHS = NO;
				CLANG_ANALYZER_NONNULL = YES;
				CLANG_CXX_LANGUAGE_STANDARD = "gnu++0x";
				CLANG_CXX_LIBRARY = "libc++";
				CLANG_ENABLE_MODULES = YES;
				CLANG_ENABLE_OBJC_ARC = YES;
				CLANG_WARN_BOOL_CONVERSION = YES;
				CLANG_WARN_CONSTANT_CONVERSION = YES;
				CLANG_WARN_DIRECT_OBJC_ISA_USAGE = YES_ERROR;
				CLANG_WARN_EMPTY_BODY = YES;
				CLANG_WARN_ENUM_CONVERSION = YES;
				CLANG_WARN_INT_CONVERSION = YES;
				CLANG_WARN_OBJC_ROOT_CLASS = YES_ERROR;
				CLANG_WARN_UNREACHABLE_CODE = YES;
				CLANG_WARN__DUPLICATE_METHOD_MATCH = YES;
				"CODE_SIGN_IDENTITY[sdk=iphoneos*]" = "iPhone Developer";
				COPY_PHASE_STRIP = NO;
				DEBUG_INFORMATION_FORMAT = dwarf;
				ENABLE_STRICT_OBJC_MSGSEND = YES;
				ENABLE_TESTABILITY = YES;
				GCC_C_LANGUAGE_STANDARD = gnu99;
				GCC_DYNAMIC_NO_PIC = NO;
				GCC_NO_COMMON_BLOCKS = YES;
				GCC_OPTIMIZATION_LEVEL = 0;
				GCC_PREPROCESSOR_DEFINITIONS = (
					"DEBUG=1",
					"$(inherited)",
				);
				GCC_WARN_64_TO_32_BIT_CONVERSION = YES;
				GCC_WARN_ABOUT_RETURN_TYPE = YES_ERROR;
				GCC_WARN_UNDECLARED_SELECTOR = YES;
				GCC_WARN_UNINITIALIZED_AUTOS = YES_AGGRESSIVE;
				GCC_WARN_UNUSED_FUNCTION = YES;
				GCC_WARN_UNUSED_VARIABLE = YES;
				IPHONEOS_DEPLOYMENT_TARGET = 9.3;
				MTL_ENABLE_DEBUG_INFO = YES;
				ONLY_ACTIVE_ARCH = YES;
				SDKROOT = iphoneos;
				SWIFT_OPTIMIZATION_LEVEL = "-Onone";
			};
			name = Debug;
		};
		FCDB34E91CCF021300223575 /* Release */ = {
			isa = XCBuildConfiguration;
			buildSettings = {
				ALWAYS_SEARCH_USER_PATHS = NO;
				CLANG_ANALYZER_NONNULL = YES;
				CLANG_CXX_LANGUAGE_STANDARD = "gnu++0x";
				CLANG_CXX_LIBRARY = "libc++";
				CLANG_ENABLE_MODULES = YES;
				CLANG_ENABLE_OBJC_ARC = YES;
				CLANG_WARN_BOOL_CONVERSION = YES;
				CLANG_WARN_CONSTANT_CONVERSION = YES;
				CLANG_WARN_DIRECT_OBJC_ISA_USAGE = YES_ERROR;
				CLANG_WARN_EMPTY_BODY = YES;
				CLANG_WARN_ENUM_CONVERSION = YES;
				CLANG_WARN_INT_CONVERSION = YES;
				CLANG_WARN_OBJC_ROOT_CLASS = YES_ERROR;
				CLANG_WARN_UNREACHABLE_CODE = YES;
				CLANG_WARN__DUPLICATE_METHOD_MATCH = YES;
				"CODE_SIGN_IDENTITY[sdk=iphoneos*]" = "iPhone Developer";
				COPY_PHASE_STRIP = NO;
				DEBUG_INFORMATION_FORMAT = "dwarf-with-dsym";
				ENABLE_NS_ASSERTIONS = NO;
				ENABLE_STRICT_OBJC_MSGSEND = YES;
				GCC_C_LANGUAGE_STANDARD = gnu99;
				GCC_NO_COMMON_BLOCKS = YES;
				GCC_WARN_64_TO_32_BIT_CONVERSION = YES;
				GCC_WARN_ABOUT_RETURN_TYPE = YES_ERROR;
				GCC_WARN_UNDECLARED_SELECTOR = YES;
				GCC_WARN_UNINITIALIZED_AUTOS = YES_AGGRESSIVE;
				GCC_WARN_UNUSED_FUNCTION = YES;
				GCC_WARN_UNUSED_VARIABLE = YES;
				IPHONEOS_DEPLOYMENT_TARGET = 9.3;
				MTL_ENABLE_DEBUG_INFO = NO;
				SDKROOT = iphoneos;
				VALIDATE_PRODUCT = YES;
			};
			name = Release;
		};
		FCDB34EB1CCF021300223575 /* Debug */ = {
			isa = XCBuildConfiguration;
			buildSettings = {
				ASSETCATALOG_COMPILER_APPICON_NAME = AppIcon;
				CODE_SIGN_IDENTITY = "iPhone Developer";
				INFOPLIST_FILE = PitchPerfect/Info.plist;
				LD_RUNPATH_SEARCH_PATHS = "$(inherited) @executable_path/Frameworks";
				PRODUCT_BUNDLE_IDENTIFIER = com.dylanmiller.PitchPerfect;
				PRODUCT_NAME = "$(TARGET_NAME)";
			};
			name = Debug;
		};
		FCDB34EC1CCF021300223575 /* Release */ = {
			isa = XCBuildConfiguration;
			buildSettings = {
				ASSETCATALOG_COMPILER_APPICON_NAME = AppIcon;
				CODE_SIGN_IDENTITY = "iPhone Developer";
				INFOPLIST_FILE = PitchPerfect/Info.plist;
				LD_RUNPATH_SEARCH_PATHS = "$(inherited) @executable_path/Frameworks";
				PRODUCT_BUNDLE_IDENTIFIER = com.dylanmiller.PitchPerfect;
				PRODUCT_NAME = "$(TARGET_NAME)";
			};
			name = Release;
		};
		FCDB34EE1CCF021300223575 /* Debug */ = {
			isa = XCBuildConfiguration;
			buildSettings = {
				BUNDLE_LOADER = "$(TEST_HOST)";
				INFOPLIST_FILE = PitchPerfectTests/Info.plist;
				LD_RUNPATH_SEARCH_PATHS = "$(inherited) @executable_path/Frameworks @loader_path/Frameworks";
				PRODUCT_BUNDLE_IDENTIFIER = com.dylanmiller.PitchPerfectTests;
				PRODUCT_NAME = "$(TARGET_NAME)";
				TEST_HOST = "$(BUILT_PRODUCTS_DIR)/PitchPerfect.app/PitchPerfect";
			};
			name = Debug;
		};
		FCDB34EF1CCF021300223575 /* Release */ = {
			isa = XCBuildConfiguration;
			buildSettings = {
				BUNDLE_LOADER = "$(TEST_HOST)";
				INFOPLIST_FILE = PitchPerfectTests/Info.plist;
				LD_RUNPATH_SEARCH_PATHS = "$(inherited) @executable_path/Frameworks @loader_path/Frameworks";
				PRODUCT_BUNDLE_IDENTIFIER = com.dylanmiller.PitchPerfectTests;
				PRODUCT_NAME = "$(TARGET_NAME)";
				TEST_HOST = "$(BUILT_PRODUCTS_DIR)/PitchPerfect.app/PitchPerfect";
			};
			name = Release;
		};
		FCDB34F11CCF021300223575 /* Debug */ = {
			isa = XCBuildConfiguration;
			buildSettings = {
				INFOPLIST_FILE = PitchPerfectUITests/Info.plist;
				LD_RUNPATH_SEARCH_PATHS = "$(inherited) @executable_path/Frameworks @loader_path/Frameworks";
				PRODUCT_BUNDLE_IDENTIFIER = com.dylanmiller.PitchPerfectUITests;
				PRODUCT_NAME = "$(TARGET_NAME)";
				TEST_TARGET_NAME = PitchPerfect;
			};
			name = Debug;
		};
		FCDB34F21CCF021300223575 /* Release */ = {
			isa = XCBuildConfiguration;
			buildSettings = {
				INFOPLIST_FILE = PitchPerfectUITests/Info.plist;
				LD_RUNPATH_SEARCH_PATHS = "$(inherited) @executable_path/Frameworks @loader_path/Frameworks";
				PRODUCT_BUNDLE_IDENTIFIER = com.dylanmiller.PitchPerfectUITests;
				PRODUCT_NAME = "$(TARGET_NAME)";
				TEST_TARGET_NAME = PitchPerfect;
			};
			name = Release;
		};
/* End XCBuildConfiguration section */

/* Begin XCConfigurationList section */
		FCDB34BD1CCF021100223575 /* Build configuration list for PBXProject "PitchPerfect" */ = {
			isa = XCConfigurationList;
			buildConfigurations = (
				FCDB34E81CCF021300223575 /* Debug */,
				FCDB34E91CCF021300223575 /* Release */,
			);
			defaultConfigurationIsVisible = 0;
			defaultConfigurationName = Release;
		};
		FCDB34EA1CCF021300223575 /* Build configuration list for PBXNativeTarget "PitchPerfect" */ = {
			isa = XCConfigurationList;
			buildConfigurations = (
				FCDB34EB1CCF021300223575 /* Debug */,
				FCDB34EC1CCF021300223575 /* Release */,
			);
			defaultConfigurationIsVisible = 0;
		};
		FCDB34ED1CCF021300223575 /* Build configuration list for PBXNativeTarget "PitchPerfectTests" */ = {
			isa = XCConfigurationList;
			buildConfigurations = (
				FCDB34EE1CCF021300223575 /* Debug */,
				FCDB34EF1CCF021300223575 /* Release */,
			);
			defaultConfigurationIsVisible = 0;
		};
		FCDB34F01CCF021300223575 /* Build configuration list for PBXNativeTarget "PitchPerfectUITests" */ = {
			isa = XCConfigurationList;
			buildConfigurations = (
				FCDB34F11CCF021300223575 /* Debug */,
				FCDB34F21CCF021300223575 /* Release */,
			);
			defaultConfigurationIsVisible = 0;
		};
/* End XCConfigurationList section */
	};
	rootObject = FCDB34BA1CCF021100223575 /* Project object */;
}
